
Microsoft Visual Studio Solution File, Format Version 12.00
# Visual Studio Version 17
VisualStudioVersion = 17.12.35527.113
MinimumVisualStudioVersion = 10.0.40219.1
Project("{FAE04EC0-301F-11D3-BF4B-00C04F79EFBC}") = "PlayTour.Api", "PlayTour.Api\PlayTour.Api.csproj", "{CBB9E922-705E-4970-A0F0-DF060924CDCD}"
EndProject
Project("{FAE04EC0-301F-11D3-BF4B-00C04F79EFBC}") = "PlayTour.Domain", "PlayTour.Domain\PlayTour.Domain.csproj", "{BF8B86BA-CB50-40E7-8B55-782E0B7C6770}"
EndProject
Project("{FAE04EC0-301F-11D3-BF4B-00C04F79EFBC}") = "PlayTour.Application", "PlayTour.Application\PlayTour.Application.csproj", "{0074B260-FF3E-4C8A-A4A0-21F8F0213C72}"
EndProject
Project("{FAE04EC0-301F-11D3-BF4B-00C04F79EFBC}") = "PlayTour.Infrastructure", "PlayTour.Infrastructure\PlayTour.Infrastructure.csproj", "{0B98E8E5-7740-4582-A362-E65B7424DA9D}"
EndProject
Global
	GlobalSection(SolutionConfigurationPlatforms) = preSolution
		Debug|Any CPU = Debug|Any CPU
		Release|Any CPU = Release|Any CPU
	EndGlobalSection
	GlobalSection(ProjectConfigurationPlatforms) = postSolution
		{CBB9E922-705E-4970-A0F0-DF060924CDCD}.Debug|Any CPU.ActiveCfg = Debug|Any CPU
		{CBB9E922-705E-4970-A0F0-DF060924CDCD}.Debug|Any CPU.Build.0 = Debug|Any CPU
		{CBB9E922-705E-4970-A0F0-DF060924CDCD}.Release|Any CPU.ActiveCfg = Release|Any CPU
		{CBB9E922-705E-4970-A0F0-DF060924CDCD}.Release|Any CPU.Build.0 = Release|Any CPU
		{BF8B86BA-CB50-40E7-8B55-782E0B7C6770}.Debug|Any CPU.ActiveCfg = Debug|Any CPU
		{BF8B86BA-CB50-40E7-8B55-782E0B7C6770}.Debug|Any CPU.Build.0 = Debug|Any CPU
		{BF8B86BA-CB50-40E7-8B55-782E0B7C6770}.Release|Any CPU.ActiveCfg = Release|Any CPU
		{BF8B86BA-CB50-40E7-8B55-782E0B7C6770}.Release|Any CPU.Build.0 = Release|Any CPU
		{0074B260-FF3E-4C8A-A4A0-21F8F0213C72}.Debug|Any CPU.ActiveCfg = Debug|Any CPU
		{0074B260-FF3E-4C8A-A4A0-21F8F0213C72}.Debug|Any CPU.Build.0 = Debug|Any CPU
		{0074B260-FF3E-4C8A-A4A0-21F8F0213C72}.Release|Any CPU.ActiveCfg = Release|Any CPU
		{0074B260-FF3E-4C8A-A4A0-21F8F0213C72}.Release|Any CPU.Build.0 = Release|Any CPU
		{0B98E8E5-7740-4582-A362-E65B7424DA9D}.Debug|Any CPU.ActiveCfg = Debug|Any CPU
		{0B98E8E5-7740-4582-A362-E65B7424DA9D}.Debug|Any CPU.Build.0 = Debug|Any CPU
		{0B98E8E5-7740-4582-A362-E65B7424DA9D}.Release|Any CPU.ActiveCfg = Release|Any CPU
		{0B98E8E5-7740-4582-A362-E65B7424DA9D}.Release|Any CPU.Build.0 = Release|Any CPU
	EndGlobalSection
	GlobalSection(SolutionProperties) = preSolution
		HideSolutionNode = FALSE
	EndGlobalSection
EndGlobal
